// !$*UTF8*$!
{
	archiveVersion = 1;
	classes = {
	};
	objectVersion = 55;
	objects = {

/* Begin PBXBuildFile section */
		142970062A2EBE3600EF28B5 /* GlucometerApp.swift in Sources */ = {isa = PBXBuildFile; fileRef = 142970052A2EBE3600EF28B5 /* GlucometerApp.swift */; };
		142970082A2EBE3600EF28B5 /* ContentView.swift in Sources */ = {isa = PBXBuildFile; fileRef = 142970072A2EBE3600EF28B5 /* ContentView.swift */; };
		1429700A2A2EBE3700EF28B5 /* Assets.xcassets in Resources */ = {isa = PBXBuildFile; fileRef = 142970092A2EBE3700EF28B5 /* Assets.xcassets */; };
		1429700D2A2EBE3700EF28B5 /* Preview Assets.xcassets in Resources */ = {isa = PBXBuildFile; fileRef = 1429700C2A2EBE3700EF28B5 /* Preview Assets.xcassets */; };
		142970152A2EC64500EF28B5 /* FirebaseAuth in Frameworks */ = {isa = PBXBuildFile; productRef = 142970142A2EC64500EF28B5 /* FirebaseAuth */; };
		142970172A2EC64500EF28B5 /* FirebaseDatabase in Frameworks */ = {isa = PBXBuildFile; productRef = 142970162A2EC64500EF28B5 /* FirebaseDatabase */; };
		142970192A2EC64500EF28B5 /* FirebaseDatabaseSwift in Frameworks */ = {isa = PBXBuildFile; productRef = 142970182A2EC64500EF28B5 /* FirebaseDatabaseSwift */; };
		1429701B2A2EC64500EF28B5 /* FirebaseFirestore in Frameworks */ = {isa = PBXBuildFile; productRef = 1429701A2A2EC64500EF28B5 /* FirebaseFirestore */; };
		1429701F2A2EC73700EF28B5 /* GoogleService-Info.plist in Resources */ = {isa = PBXBuildFile; fileRef = 1429701E2A2EC73700EF28B5 /* GoogleService-Info.plist */; };
		145B25A62A2F23E3009E069F /* HomeView.swift in Sources */ = {isa = PBXBuildFile; fileRef = 145B25A52A2F23E3009E069F /* HomeView.swift */; };
		145B25A82A2F24E5009E069F /* StatisticsView.swift in Sources */ = {isa = PBXBuildFile; fileRef = 145B25A72A2F24E5009E069F /* StatisticsView.swift */; };
		145B25AA2A2F24F9009E069F /* HistoryView.swift in Sources */ = {isa = PBXBuildFile; fileRef = 145B25A92A2F24F9009E069F /* HistoryView.swift */; };
		145B25AC2A2F250A009E069F /* SettingsView.swift in Sources */ = {isa = PBXBuildFile; fileRef = 145B25AB2A2F250A009E069F /* SettingsView.swift */; };
		145B25AE2A2FEB4F009E069F /* TestView.swift in Sources */ = {isa = PBXBuildFile; fileRef = 145B25AD2A2FEB4F009E069F /* TestView.swift */; };
		145B25B02A2FF6AB009E069F /* SceneDelegate.swift in Sources */ = {isa = PBXBuildFile; fileRef = 145B25AF2A2FF6AB009E069F /* SceneDelegate.swift */; };
/* End PBXBuildFile section */

/* Begin PBXFileReference section */
		142970022A2EBE3600EF28B5 /* Glucometer.app */ = {isa = PBXFileReference; explicitFileType = wrapper.application; includeInIndex = 0; path = Glucometer.app; sourceTree = BUILT_PRODUCTS_DIR; };
		142970052A2EBE3600EF28B5 /* GlucometerApp.swift */ = {isa = PBXFileReference; lastKnownFileType = sourcecode.swift; path = GlucometerApp.swift; sourceTree = "<group>"; };
		142970072A2EBE3600EF28B5 /* ContentView.swift */ = {isa = PBXFileReference; lastKnownFileType = sourcecode.swift; path = ContentView.swift; sourceTree = "<group>"; };
		142970092A2EBE3700EF28B5 /* Assets.xcassets */ = {isa = PBXFileReference; lastKnownFileType = folder.assetcatalog; path = Assets.xcassets; sourceTree = "<group>"; };
		1429700C2A2EBE3700EF28B5 /* Preview Assets.xcassets */ = {isa = PBXFileReference; lastKnownFileType = folder.assetcatalog; path = "Preview Assets.xcassets"; sourceTree = "<group>"; };
		1429701E2A2EC73700EF28B5 /* GoogleService-Info.plist */ = {isa = PBXFileReference; fileEncoding = 4; lastKnownFileType = text.plist.xml; path = "GoogleService-Info.plist"; sourceTree = "<group>"; };
		145B25A52A2F23E3009E069F /* HomeView.swift */ = {isa = PBXFileReference; lastKnownFileType = sourcecode.swift; path = HomeView.swift; sourceTree = "<group>"; };
		145B25A72A2F24E5009E069F /* StatisticsView.swift */ = {isa = PBXFileReference; lastKnownFileType = sourcecode.swift; path = StatisticsView.swift; sourceTree = "<group>"; };
		145B25A92A2F24F9009E069F /* HistoryView.swift */ = {isa = PBXFileReference; lastKnownFileType = sourcecode.swift; path = HistoryView.swift; sourceTree = "<group>"; };
		145B25AB2A2F250A009E069F /* SettingsView.swift */ = {isa = PBXFileReference; lastKnownFileType = sourcecode.swift; path = SettingsView.swift; sourceTree = "<group>"; };
		145B25AD2A2FEB4F009E069F /* TestView.swift */ = {isa = PBXFileReference; lastKnownFileType = sourcecode.swift; path = TestView.swift; sourceTree = "<group>"; };
		145B25AF2A2FF6AB009E069F /* SceneDelegate.swift */ = {isa = PBXFileReference; lastKnownFileType = sourcecode.swift; path = SceneDelegate.swift; sourceTree = "<group>"; };
/* End PBXFileReference section */

/* Begin PBXFrameworksBuildPhase section */
		14296FFF2A2EBE3600EF28B5 /* Frameworks */ = {
			isa = PBXFrameworksBuildPhase;
			buildActionMask = 2147483647;
			files = (
				142970192A2EC64500EF28B5 /* FirebaseDatabaseSwift in Frameworks */,
				1429701B2A2EC64500EF28B5 /* FirebaseFirestore in Frameworks */,
				142970172A2EC64500EF28B5 /* FirebaseDatabase in Frameworks */,
				142970152A2EC64500EF28B5 /* FirebaseAuth in Frameworks */,
			);
			runOnlyForDeploymentPostprocessing = 0;
		};
/* End PBXFrameworksBuildPhase section */

/* Begin PBXGroup section */
		14296FF92A2EBE3600EF28B5 = {
			isa = PBXGroup;
			children = (
				142970042A2EBE3600EF28B5 /* Glucometer */,
				142970032A2EBE3600EF28B5 /* Products */,
			);
			sourceTree = "<group>";
		};
		142970032A2EBE3600EF28B5 /* Products */ = {
			isa = PBXGroup;
			children = (
				142970022A2EBE3600EF28B5 /* Glucometer.app */,
			);
			name = Products;
			sourceTree = "<group>";
		};
		142970042A2EBE3600EF28B5 /* Glucometer */ = {
			isa = PBXGroup;
			children = (
				145B25A52A2F23E3009E069F /* HomeView.swift */,
				142970052A2EBE3600EF28B5 /* GlucometerApp.swift */,
				142970072A2EBE3600EF28B5 /* ContentView.swift */,
				145B25AD2A2FEB4F009E069F /* TestView.swift */,
				145B25AB2A2F250A009E069F /* SettingsView.swift */,
				145B25A92A2F24F9009E069F /* HistoryView.swift */,
				145B25A72A2F24E5009E069F /* StatisticsView.swift */,
				142970092A2EBE3700EF28B5 /* Assets.xcassets */,
				1429701E2A2EC73700EF28B5 /* GoogleService-Info.plist */,
				1429700B2A2EBE3700EF28B5 /* Preview Content */,
				145B25AF2A2FF6AB009E069F /* SceneDelegate.swift */,
			);
			path = Glucometer;
			sourceTree = "<group>";
		};
		1429700B2A2EBE3700EF28B5 /* Preview Content */ = {
			isa = PBXGroup;
			children = (
				1429700C2A2EBE3700EF28B5 /* Preview Assets.xcassets */,
			);
			path = "Preview Content";
			sourceTree = "<group>";
		};
/* End PBXGroup section */

/* Begin PBXNativeTarget section */
		142970012A2EBE3600EF28B5 /* Glucometer */ = {
			isa = PBXNativeTarget;
			buildConfigurationList = 142970102A2EBE3700EF28B5 /* Build configuration list for PBXNativeTarget "Glucometer" */;
			buildPhases = (
				14296FFE2A2EBE3600EF28B5 /* Sources */,
				14296FFF2A2EBE3600EF28B5 /* Frameworks */,
				142970002A2EBE3600EF28B5 /* Resources */,
			);
			buildRules = (
			);
			dependencies = (
			);
			name = Glucometer;
			packageProductDependencies = (
				142970142A2EC64500EF28B5 /* FirebaseAuth */,
				142970162A2EC64500EF28B5 /* FirebaseDatabase */,
				142970182A2EC64500EF28B5 /* FirebaseDatabaseSwift */,
				1429701A2A2EC64500EF28B5 /* FirebaseFirestore */,
			);
			productName = Glucometer;
			productReference = 142970022A2EBE3600EF28B5 /* Glucometer.app */;
			productType = "com.apple.product-type.application";
		};
/* End PBXNativeTarget section */

/* Begin PBXProject section */
		14296FFA2A2EBE3600EF28B5 /* Project object */ = {
			isa = PBXProject;
			attributes = {
				BuildIndependentTargetsInParallel = 1;
				LastSwiftUpdateCheck = 1340;
				LastUpgradeCheck = 1340;
				TargetAttributes = {
					142970012A2EBE3600EF28B5 = {
						CreatedOnToolsVersion = 13.4.1;
					};
				};
			};
			buildConfigurationList = 14296FFD2A2EBE3600EF28B5 /* Build configuration list for PBXProject "Glucometer" */;
			compatibilityVersion = "Xcode 13.0";
			developmentRegion = en;
			hasScannedForEncodings = 0;
			knownRegions = (
				en,
				Base,
			);
			mainGroup = 14296FF92A2EBE3600EF28B5;
			packageReferences = (
				142970132A2EC64500EF28B5 /* XCRemoteSwiftPackageReference "firebase-ios-sdk" */,
			);
			productRefGroup = 142970032A2EBE3600EF28B5 /* Products */;
			projectDirPath = "";
			projectRoot = "";
			targets = (
				142970012A2EBE3600EF28B5 /* Glucometer */,
			);
		};
/* End PBXProject section */

/* Begin PBXResourcesBuildPhase section */
		142970002A2EBE3600EF28B5 /* Resources */ = {
			isa = PBXResourcesBuildPhase;
			buildActionMask = 2147483647;
			files = (
				1429700D2A2EBE3700EF28B5 /* Preview Assets.xcassets in Resources */,
				1429700A2A2EBE3700EF28B5 /* Assets.xcassets in Resources */,
				1429701F2A2EC73700EF28B5 /* GoogleService-Info.plist in Resources */,
			);
			runOnlyForDeploymentPostprocessing = 0;
		};
/* End PBXResourcesBuildPhase section */

/* Begin PBXSourcesBuildPhase section */
		14296FFE2A2EBE3600EF28B5 /* Sources */ = {
			isa = PBXSourcesBuildPhase;
			buildActionMask = 2147483647;
			files = (
				145B25AE2A2FEB4F009E069F /* TestView.swift in Sources */,
				145B25A62A2F23E3009E069F /* HomeView.swift in Sources */,
				145B25A82A2F24E5009E069F /* StatisticsView.swift in Sources */,
				145B25AA2A2F24F9009E069F /* HistoryView.swift in Sources */,
				145B25AC2A2F250A009E069F /* SettingsView.swift in Sources */,
				142970082A2EBE3600EF28B5 /* ContentView.swift in Sources */,
				142970062A2EBE3600EF28B5 /* GlucometerApp.swift in Sources */,
				145B25B02A2FF6AB009E069F /* SceneDelegate.swift in Sources */,
			);
			runOnlyForDeploymentPostprocessing = 0;
		};
/* End PBXSourcesBuildPhase section */

/* Begin XCBuildConfiguration section */
		1429700E2A2EBE3700EF28B5 /* Debug */ = {
			isa = XCBuildConfiguration;
			buildSettings = {
				ALWAYS_SEARCH_USER_PATHS = NO;
				CLANG_ANALYZER_NONNULL = YES;
				CLANG_ANALYZER_NUMBER_OBJECT_CONVERSION = YES_AGGRESSIVE;
				CLANG_CXX_LANGUAGE_STANDARD = "gnu++17";
				CLANG_ENABLE_MODULES = YES;
				CLANG_ENABLE_OBJC_ARC = YES;
				CLANG_ENABLE_OBJC_WEAK = YES;
				CLANG_WARN_BLOCK_CAPTURE_AUTORELEASING = YES;
				CLANG_WARN_BOOL_CONVERSION = YES;
				CLANG_WARN_COMMA = YES;
				CLANG_WARN_CONSTANT_CONVERSION = YES;
				CLANG_WARN_DEPRECATED_OBJC_IMPLEMENTATIONS = YES;
				CLANG_WARN_DIRECT_OBJC_ISA_USAGE = YES_ERROR;
				CLANG_WARN_DOCUMENTATION_COMMENTS = YES;
				CLANG_WARN_EMPTY_BODY = YES;
				CLANG_WARN_ENUM_CONVERSION = YES;
				CLANG_WARN_INFINITE_RECURSION = YES;
				CLANG_WARN_INT_CONVERSION = YES;
				CLANG_WARN_NON_LITERAL_NULL_CONVERSION = YES;
				CLANG_WARN_OBJC_IMPLICIT_RETAIN_SELF = YES;
				CLANG_WARN_OBJC_LITERAL_CONVERSION = YES;
				CLANG_WARN_OBJC_ROOT_CLASS = YES_ERROR;
				CLANG_WARN_QUOTED_INCLUDE_IN_FRAMEWORK_HEADER = YES;
				CLANG_WARN_RANGE_LOOP_ANALYSIS = YES;
				CLANG_WARN_STRICT_PROTOTYPES = YES;
				CLANG_WARN_SUSPICIOUS_MOVE = YES;
				CLANG_WARN_UNGUARDED_AVAILABILITY = YES_AGGRESSIVE;
				CLANG_WARN_UNREACHABLE_CODE = YES;
				CLANG_WARN__DUPLICATE_METHOD_MATCH = YES;
				COPY_PHASE_STRIP = NO;
				DEBUG_INFORMATION_FORMAT = dwarf;
				ENABLE_STRICT_OBJC_MSGSEND = YES;
				ENABLE_TESTABILITY = YES;
				GCC_C_LANGUAGE_STANDARD = gnu11;
				GCC_DYNAMIC_NO_PIC = NO;
				GCC_NO_COMMON_BLOCKS = YES;
				GCC_OPTIMIZATION_LEVEL = 0;
				GCC_PREPROCESSOR_DEFINITIONS = (
					"DEBUG=1",
					"$(inherited)",
				);
				GCC_WARN_64_TO_32_BIT_CONVERSION = YES;
				GCC_WARN_ABOUT_RETURN_TYPE = YES_ERROR;
				GCC_WARN_UNDECLARED_SELECTOR = YES;
				GCC_WARN_UNINITIALIZED_AUTOS = YES_AGGRESSIVE;
				GCC_WARN_UNUSED_FUNCTION = YES;
				GCC_WARN_UNUSED_VARIABLE = YES;
				IPHONEOS_DEPLOYMENT_TARGET = 15.5;
				MTL_ENABLE_DEBUG_INFO = INCLUDE_SOURCE;
				MTL_FAST_MATH = YES;
				ONLY_ACTIVE_ARCH = YES;
				SDKROOT = iphoneos;
				SWIFT_ACTIVE_COMPILATION_CONDITIONS = DEBUG;
				SWIFT_OPTIMIZATION_LEVEL = "-Onone";
			};
			name = Debug;
		};
		1429700F2A2EBE3700EF28B5 /* Release */ = {
			isa = XCBuildConfiguration;
			buildSettings = {
				ALWAYS_SEARCH_USER_PATHS = NO;
				CLANG_ANALYZER_NONNULL = YES;
				CLANG_ANALYZER_NUMBER_OBJECT_CONVERSION = YES_AGGRESSIVE;
				CLANG_CXX_LANGUAGE_STANDARD = "gnu++17";
				CLANG_ENABLE_MODULES = YES;
				CLANG_ENABLE_OBJC_ARC = YES;
				CLANG_ENABLE_OBJC_WEAK = YES;
				CLANG_WARN_BLOCK_CAPTURE_AUTORELEASING = YES;
				CLANG_WARN_BOOL_CONVERSION = YES;
				CLANG_WARN_COMMA = YES;
				CLANG_WARN_CONSTANT_CONVERSION = YES;
				CLANG_WARN_DEPRECATED_OBJC_IMPLEMENTATIONS = YES;
				CLANG_WARN_DIRECT_OBJC_ISA_USAGE = YES_ERROR;
				CLANG_WARN_DOCUMENTATION_COMMENTS = YES;
				CLANG_WARN_EMPTY_BODY = YES;
				CLANG_WARN_ENUM_CONVERSION = YES;
				CLANG_WARN_INFINITE_RECURSION = YES;
				CLANG_WARN_INT_CONVERSION = YES;
				CLANG_WARN_NON_LITERAL_NULL_CONVERSION = YES;
				CLANG_WARN_OBJC_IMPLICIT_RETAIN_SELF = YES;
				CLANG_WARN_OBJC_LITERAL_CONVERSION = YES;
				CLANG_WARN_OBJC_ROOT_CLASS = YES_ERROR;
				CLANG_WARN_QUOTED_INCLUDE_IN_FRAMEWORK_HEADER = YES;
				CLANG_WARN_RANGE_LOOP_ANALYSIS = YES;
				CLANG_WARN_STRICT_PROTOTYPES = YES;
				CLANG_WARN_SUSPICIOUS_MOVE = YES;
				CLANG_WARN_UNGUARDED_AVAILABILITY = YES_AGGRESSIVE;
				CLANG_WARN_UNREACHABLE_CODE = YES;
				CLANG_WARN__DUPLICATE_METHOD_MATCH = YES;
				COPY_PHASE_STRIP = NO;
				DEBUG_INFORMATION_FORMAT = "dwarf-with-dsym";
				ENABLE_NS_ASSERTIONS = NO;
				ENABLE_STRICT_OBJC_MSGSEND = YES;
				GCC_C_LANGUAGE_STANDARD = gnu11;
				GCC_NO_COMMON_BLOCKS = YES;
				GCC_WARN_64_TO_32_BIT_CONVERSION = YES;
				GCC_WARN_ABOUT_RETURN_TYPE = YES_ERROR;
				GCC_WARN_UNDECLARED_SELECTOR = YES;
				GCC_WARN_UNINITIALIZED_AUTOS = YES_AGGRESSIVE;
				GCC_WARN_UNUSED_FUNCTION = YES;
				GCC_WARN_UNUSED_VARIABLE = YES;
				IPHONEOS_DEPLOYMENT_TARGET = 15.5;
				MTL_ENABLE_DEBUG_INFO = NO;
				MTL_FAST_MATH = YES;
				SDKROOT = iphoneos;
				SWIFT_COMPILATION_MODE = wholemodule;
				SWIFT_OPTIMIZATION_LEVEL = "-O";
				VALIDATE_PRODUCT = YES;
			};
			name = Release;
		};
		142970112A2EBE3700EF28B5 /* Debug */ = {
			isa = XCBuildConfiguration;
			buildSettings = {
				ASSETCATALOG_COMPILER_APPICON_NAME = AppIcon;
				ASSETCATALOG_COMPILER_GLOBAL_ACCENT_COLOR_NAME = AccentColor;
				CODE_SIGN_STYLE = Automatic;
				CURRENT_PROJECT_VERSION = 1;
				DEVELOPMENT_ASSET_PATHS = "\"Glucometer/Preview Content\"";
				ENABLE_PREVIEWS = YES;
				GENERATE_INFOPLIST_FILE = YES;
				INFOPLIST_KEY_UIApplicationSceneManifest_Generation = YES;
				INFOPLIST_KEY_UIApplicationSupportsIndirectInputEvents = YES;
				INFOPLIST_KEY_UILaunchScreen_Generation = YES;
				INFOPLIST_KEY_UISupportedInterfaceOrientations_iPad = "UIInterfaceOrientationPortrait UIInterfaceOrientationPortraitUpsideDown UIInterfaceOrientationLandscapeLeft UIInterfaceOrientationLandscapeRight";
				INFOPLIST_KEY_UISupportedInterfaceOrientations_iPhone = "UIInterfaceOrientationPortrait UIInterfaceOrientationLandscapeLeft UIInterfaceOrientationLandscapeRight";
				LD_RUNPATH_SEARCH_PATHS = (
					"$(inherited)",
					"@executable_path/Frameworks",
				);
				MARKETING_VERSION = 1.0;
				PRODUCT_BUNDLE_IDENTIFIER = nsemaev.Glucometer;
				PRODUCT_NAME = "$(TARGET_NAME)";
				SWIFT_EMIT_LOC_STRINGS = YES;
				SWIFT_VERSION = 5.0;
				TARGETED_DEVICE_FAMILY = "1,2";
			};
			name = Debug;
		};
		142970122A2EBE3700EF28B5 /* Release */ = {
			isa = XCBuildConfiguration;
			buildSettings = {
				ASSETCATALOG_COMPILER_APPICON_NAME = AppIcon;
				ASSETCATALOG_COMPILER_GLOBAL_ACCENT_COLOR_NAME = AccentColor;
				CODE_SIGN_STYLE = Automatic;
				CURRENT_PROJECT_VERSION = 1;
				DEVELOPMENT_ASSET_PATHS = "\"Glucometer/Preview Content\"";
				ENABLE_PREVIEWS = YES;
				GENERATE_INFOPLIST_FILE = YES;
				INFOPLIST_KEY_UIApplicationSceneManifest_Generation = YES;
				INFOPLIST_KEY_UIApplicationSupportsIndirectInputEvents = YES;
				INFOPLIST_KEY_UILaunchScreen_Generation = YES;
				INFOPLIST_KEY_UISupportedInterfaceOrientations_iPad = "UIInterfaceOrientationPortrait UIInterfaceOrientationPortraitUpsideDown UIInterfaceOrientationLandscapeLeft UIInterfaceOrientationLandscapeRight";
				INFOPLIST_KEY_UISupportedInterfaceOrientations_iPhone = "UIInterfaceOrientationPortrait UIInterfaceOrientationLandscapeLeft UIInterfaceOrientationLandscapeRight";
				LD_RUNPATH_SEARCH_PATHS = (
					"$(inherited)",
					"@executable_path/Frameworks",
				);
				MARKETING_VERSION = 1.0;
				PRODUCT_BUNDLE_IDENTIFIER = nsemaev.Glucometer;
				PRODUCT_NAME = "$(TARGET_NAME)";
				SWIFT_EMIT_LOC_STRINGS = YES;
				SWIFT_VERSION = 5.0;
				TARGETED_DEVICE_FAMILY = "1,2";
			};
			name = Release;
		};
/* End XCBuildConfiguration section */

/* Begin XCConfigurationList section */
		14296FFD2A2EBE3600EF28B5 /* Build configuration list for PBXProject "Glucometer" */ = {
			isa = XCConfigurationList;
			buildConfigurations = (
				1429700E2A2EBE3700EF28B5 /* Debug */,
				1429700F2A2EBE3700EF28B5 /* Release */,
			);
			defaultConfigurationIsVisible = 0;
			defaultConfigurationName = Release;
		};
		142970102A2EBE3700EF28B5 /* Build configuration list for PBXNativeTarget "Glucometer" */ = {
			isa = XCConfigurationList;
			buildConfigurations = (
				142970112A2EBE3700EF28B5 /* Debug */,
				142970122A2EBE3700EF28B5 /* Release */,
			);
			defaultConfigurationIsVisible = 0;
			defaultConfigurationName = Release;
		};
/* End XCConfigurationList section */

/* Begin XCRemoteSwiftPackageReference section */
		142970132A2EC64500EF28B5 /* XCRemoteSwiftPackageReference "firebase-ios-sdk" */ = {
			isa = XCRemoteSwiftPackageReference;
			repositoryURL = "https://github.com/firebase/firebase-ios-sdk.git";
			requirement = {
				kind = upToNextMajorVersion;
				minimumVersion = 9.0.0;
			};
		};
/* End XCRemoteSwiftPackageReference section */

/* Begin XCSwiftPackageProductDependency section */
		142970142A2EC64500EF28B5 /* FirebaseAuth */ = {
			isa = XCSwiftPackageProductDependency;
			package = 142970132A2EC64500EF28B5 /* XCRemoteSwiftPackageReference "firebase-ios-sdk" */;
			productName = FirebaseAuth;
		};
		142970162A2EC64500EF28B5 /* FirebaseDatabase */ = {
			isa = XCSwiftPackageProductDependency;
			package = 142970132A2EC64500EF28B5 /* XCRemoteSwiftPackageReference "firebase-ios-sdk" */;
			productName = FirebaseDatabase;
		};
		142970182A2EC64500EF28B5 /* FirebaseDatabaseSwift */ = {
			isa = XCSwiftPackageProductDependency;
			package = 142970132A2EC64500EF28B5 /* XCRemoteSwiftPackageReference "firebase-ios-sdk" */;
			productName = FirebaseDatabaseSwift;
		};
		1429701A2A2EC64500EF28B5 /* FirebaseFirestore */ = {
			isa = XCSwiftPackageProductDependency;
			package = 142970132A2EC64500EF28B5 /* XCRemoteSwiftPackageReference "firebase-ios-sdk" */;
			productName = FirebaseFirestore;
		};
/* End XCSwiftPackageProductDependency section */
	};
	rootObject = 14296FFA2A2EBE3600EF28B5 /* Project object */;
}
